{
  "name": "Sandman",
  "version": "1.9.2",
  "lockfileVersion": 1,
  "requires": true,
  "dependencies": {
    "debug": {
      "version": "2.6.9",
      "resolved": "https://registry.npmjs.org/debug/-/debug-2.6.9.tgz",
      "integrity": "sha512-bC7ElrdJaJnPbAP+1EotYvqZsb3ecl5wi6Bfi6BJTUcNowp6cvspg0jXznRTKDjm/E7AdgFBVeAPVMNcKGsHMA==",
      "requires": {
        "ms": "2.0.0"
      }
    },
    "electron": {
      "version": "1.8.8",
      "resolved": "https://registry.npmjs.org/electron/-/electron-1.8.8.tgz",
      "integrity": "sha512-1f9zJehcTTGjrkb06o6ds+gsRq6SYhZJyxOk6zIWjRH8hVy03y/RzUDELzNas71f5vcvXmfGVvyjeEsadDI8tg==",
      "dev": true,
      "requires": {
        "@types/node": "^8.0.24",
        "electron-download": "^3.0.1",
        "extract-zip": "^1.0.3"
      },
      "dependencies": {
        "@types/node": {
          "version": "8.10.50",
          "resolved": "https://registry.npmjs.org/@types/node/-/node-8.10.50.tgz",
          "integrity": "sha512-+ZbcUwJdaBgOZpwXeT0v+gHC/jQbEfzoc9s4d0rN0JIKeQbuTrT+A2n1aQY6LpZjrLXJT7avVUqiCecCJeeZxA==",
          "dev": true
        }
      }
    },
    "electron-download": {
      "version": "3.3.0",
      "resolved": "https://registry.npmjs.org/electron-download/-/electron-download-3.3.0.tgz",
      "integrity": "sha1-LP1U1pZsAZxNSa1l++Zcyc3vaMg=",
      "dev": true
    },
    "electron-localshortcut": {
      "version": "2.0.0",
      "resolved": "https://registry.npmjs.org/electron-localshortcut/-/electron-localshortcut-2.0.0.tgz",
      "integrity": "sha1-vwiNQoEtdkwGrgyfF5zyBNnJAQM="
    },
    "electron-notifications": {
      "version": "1.0.0",
      "resolved": "https://registry.npmjs.org/electron-notifications/-/electron-notifications-1.0.0.tgz",
      "integrity": "sha1-uTYT4jM/IqpPa50ydcyfPPgPTSI="
    },
    "electron-settings": {
      "version": "3.1.1",
      "resolved": "https://registry.npmjs.org/electron-settings/-/electron-settings-3.1.1.tgz",
      "integrity": "sha512-FL3YpGOxRT4urfVlXo5WohAif3vWNjhZkmlow74oeXg0mIwBndBaFgccOvtCHBsxzOniJRCGNnAJ2/GmWWtI+w=="
    },
    "extract-zip": {
      "version": "1.6.5",
      "resolved": "https://registry.npmjs.org/extract-zip/-/extract-zip-1.6.5.tgz",
      "integrity": "sha1-maBnNbbqIOqbcF13ms/8yHz/BEA=",
      "dev": true,
      "dependencies": {
        "debug": {
          "version": "2.2.0",
          "resolved": "https://registry.npmjs.org/debug/-/debug-2.2.0.tgz",
          "integrity": "sha1-+HBX6ZWxofauaklgZkE3vFbwOdo="
        },
        "ms": {
          "version": "0.7.1",
          "resolved": "https://registry.npmjs.org/ms/-/ms-0.7.1.tgz",
          "integrity": "sha1-nNE8A62/8ltl7/3nzoZO6VIBcJg="
        }
      }
    },
    "jquery": {
      "version": "3.5.0",
      "resolved": "https://registry.npmjs.org/jquery/-/jquery-3.5.0.tgz",
      "integrity": "sha512-Xb7SVYMvygPxbFMpTFQiHh1J7HClEaThguL15N/Gg37Lri/qKyhRGZYzHRyLH8Stq3Aow0LsHO2O2ci86fCrNQ=="
    },
    "mocha": {
      "version": "3.4.2",
      "resolved": "https://registry.npmjs.org/mocha/-/mocha-3.4.2.tgz",
      "integrity": "sha1-0O9NMyEm2/GNDWQMmzgt1IvpdZQ=",
      "dev": true,
      "dependencies": {
        "debug": {
          "version": "2.6.0",
          "resolved": "https://registry.npmjs.org/debug/-/debug-2.6.0.tgz",
          "integrity": "sha1-vFlryr52F/Edn6FTYe3tVgi4SZs="
        },
        "glob": {
          "version": "7.1.1",
          "resolved": "https://registry.npmjs.org/glob/-/glob-7.1.1.tgz",
          "integrity": "sha1-gFIR3wT6rxxjo2ADBs31reULLsg="
        },
        "minimist": {
          "version": "0.0.8",
          "resolved": "https://registry.npmjs.org/minimist/-/minimist-0.0.8.tgz",
          "integrity": "sha1-hX/Kv8M5fSYluCKCYuhqp6ARsF0="
        },
        "mkdirp": {
          "version": "0.5.1",
          "resolved": "https://registry.npmjs.org/mkdirp/-/mkdirp-0.5.1.tgz",
          "integrity": "sha1-MAV0OOrGz3+MR2fzhkjWaX11yQM="
        },
        "ms": {
          "version": "0.7.2",
          "resolved": "https://registry.npmjs.org/ms/-/ms-0.7.2.tgz",
          "integrity": "sha1-riXPJRKziFodldfwN4aNhDESR2U="
        },
        "supports-color": {
          "version": "3.1.2",
          "resolved": "https://registry.npmjs.org/supports-color/-/supports-color-3.1.2.tgz",
          "integrity": "sha1-cqJiiU2dQIuVbKBf83su2KbiotU="
        }
      }
    },
    "ms": {
      "version": "2.0.0",
      "resolved": "https://registry.npmjs.org/ms/-/ms-2.0.0.tgz",
      "integrity": "sha1-VgiurfwAvmwpAd9fmGF4jeDVl8g="
    },
    "node-schedule": {
      "version": "1.2.3",
      "resolved": "https://registry.npmjs.org/node-schedule/-/node-schedule-1.2.3.tgz",
      "integrity": "sha1-gCb5m9lEHbzInHZaYp52vApf550="
    },
    "spectron": {
      "version": "3.6.4",
      "resolved": "https://registry.npmjs.org/spectron/-/spectron-3.6.4.tgz",
      "integrity": "sha1-VvQqtcSBVHkdjbLztTGyWOcgWqA=",
      "dev": true
    }
  }
}
