{
  "name": "Sandman",
  "version": "1.9.2",
  "lockfileVersion": 1,
  "requires": true,
  "dependencies": {
    "debug": {
      "version": "2.6.8",
      "resolved": "https://registry.npmjs.org/debug/-/debug-2.6.8.tgz",
      "integrity": "sha1-5zFTHKLt4n0YgiJCfaF4IdaP9Pw="
    },
    "electron": {
      "version": "1.7.3",
      "resolved": "https://registry.npmjs.org/electron/-/electron-1.7.3.tgz",
      "integrity": "sha1-g5yrCgWYg1oQDc7t4hWYi6mcMls=",
      "dev": true
    },
    "electron-localshortcut": {
      "version": "2.0.0",
      "resolved": "https://registry.npmjs.org/electron-localshortcut/-/electron-localshortcut-2.0.0.tgz",
      "integrity": "sha1-vwiNQoEtdkwGrgyfF5zyBNnJAQM="
    },
    "electron-notifications": {
      "version": "1.0.0",
      "resolved": "https://registry.npmjs.org/electron-notifications/-/electron-notifications-1.0.0.tgz",
      "integrity": "sha1-uTYT4jM/IqpPa50ydcyfPPgPTSI="
    },
    "electron-settings": {
      "version": "3.1.1",
      "resolved": "https://registry.npmjs.org/electron-settings/-/electron-settings-3.1.1.tgz",
      "integrity": "sha512-FL3YpGOxRT4urfVlXo5WohAif3vWNjhZkmlow74oeXg0mIwBndBaFgccOvtCHBsxzOniJRCGNnAJ2/GmWWtI+w=="
    },
    "jquery": {
      "version": "3.4.0",
      "resolved": "https://registry.npmjs.org/jquery/-/jquery-3.4.0.tgz",
      "integrity": "sha512-ggRCXln9zEqv6OqAGXFEcshF5dSBvCkzj6Gm2gzuR5fWawaX8t7cxKVkkygKODrDAzKdoYw3l/e3pm3vlT4IbQ=="
    },
    "mocha": {
      "version": "3.4.2",
      "resolved": "https://registry.npmjs.org/mocha/-/mocha-3.4.2.tgz",
      "integrity": "sha1-0O9NMyEm2/GNDWQMmzgt1IvpdZQ=",
      "dev": true,
      "dependencies": {
        "debug": {
          "version": "2.6.0",
          "resolved": "https://registry.npmjs.org/debug/-/debug-2.6.0.tgz",
          "integrity": "sha1-vFlryr52F/Edn6FTYe3tVgi4SZs="
        },
        "glob": {
          "version": "7.1.1",
          "resolved": "https://registry.npmjs.org/glob/-/glob-7.1.1.tgz",
          "integrity": "sha1-gFIR3wT6rxxjo2ADBs31reULLsg="
        },
        "minimist": {
          "version": "0.0.8",
          "resolved": "https://registry.npmjs.org/minimist/-/minimist-0.0.8.tgz",
          "integrity": "sha1-hX/Kv8M5fSYluCKCYuhqp6ARsF0="
        },
        "mkdirp": {
          "version": "0.5.1",
          "resolved": "https://registry.npmjs.org/mkdirp/-/mkdirp-0.5.1.tgz",
          "integrity": "sha1-MAV0OOrGz3+MR2fzhkjWaX11yQM="
        },
        "ms": {
          "version": "0.7.2",
          "resolved": "https://registry.npmjs.org/ms/-/ms-0.7.2.tgz",
          "integrity": "sha1-riXPJRKziFodldfwN4aNhDESR2U="
        },
        "supports-color": {
          "version": "3.1.2",
          "resolved": "https://registry.npmjs.org/supports-color/-/supports-color-3.1.2.tgz",
          "integrity": "sha1-cqJiiU2dQIuVbKBf83su2KbiotU="
        }
      }
    },
    "node-schedule": {
      "version": "1.2.3",
      "resolved": "https://registry.npmjs.org/node-schedule/-/node-schedule-1.2.3.tgz",
      "integrity": "sha1-gCb5m9lEHbzInHZaYp52vApf550="
    },
    "spectron": {
      "version": "3.6.4",
      "resolved": "https://registry.npmjs.org/spectron/-/spectron-3.6.4.tgz",
      "integrity": "sha1-VvQqtcSBVHkdjbLztTGyWOcgWqA=",
      "dev": true
    }
  }
}
